
Microsoft Visual Studio Solution File, Format Version 12.00
# Visual Studio Version 17
VisualStudioVersion = 17.7.34202.233
MinimumVisualStudioVersion = 10.0.40219.1
Project("{FAE04EC0-301F-11D3-BF4B-00C04F79EFBC}") = "2", "2\2.csproj", "{D1F6602E-16FA-4D65-9836-35C205059260}"
EndProject
Global
	GlobalSection(SolutionConfigurationPlatforms) = preSolution
		Debug|Any CPU = Debug|Any CPU
		Release|Any CPU = Release|Any CPU
	EndGlobalSection
	GlobalSection(ProjectConfigurationPlatforms) = postSolution
		{D1F6602E-16FA-4D65-9836-35C205059260}.Debug|Any CPU.ActiveCfg = Debug|Any CPU
		{D1F6602E-16FA-4D65-9836-35C205059260}.Debug|Any CPU.Build.0 = Debug|Any CPU
		{D1F6602E-16FA-4D65-9836-35C205059260}.Release|Any CPU.ActiveCfg = Release|Any CPU
		{D1F6602E-16FA-4D65-9836-35C205059260}.Release|Any CPU.Build.0 = Release|Any CPU
	EndGlobalSection
	GlobalSection(SolutionProperties) = preSolution
		HideSolutionNode = FALSE
	EndGlobalSection
	GlobalSection(ExtensibilityGlobals) = postSolution
		SolutionGuid = {4EF3FF3B-EDA6-4108-8E60-5629A0FC1D2C}
	EndGlobalSection
EndGlobal
